
Microsoft Visual Studio Solution File, Format Version 12.00
# Visual Studio 15
VisualStudioVersion = 15.0.26228.4
MinimumVisualStudioVersion = 10.0.40219.1
Project("{FAE04EC0-301F-11D3-BF4B-00C04F79EFBC}") = "HomeworkCreator", "HomeworkCreator\HomeworkCreator.csproj", "{7164E032-84D0-464C-B2CC-00DA58BAA827}"
EndProject
Project("{FAE04EC0-301F-11D3-BF4B-00C04F79EFBC}") = "HomeworkCreator.Tests", "HomeworkCreator.Tests\HomeworkCreator.Tests.csproj", "{C47E1233-F823-4515-B01C-22D156BB36DB}"
EndProject
Global
	GlobalSection(SolutionConfigurationPlatforms) = preSolution
		Debug|Any CPU = Debug|Any CPU
		Release|Any CPU = Release|Any CPU
	EndGlobalSection
	GlobalSection(ProjectConfigurationPlatforms) = postSolution
		{7164E032-84D0-464C-B2CC-00DA58BAA827}.Debug|Any CPU.ActiveCfg = Debug|Any CPU
		{7164E032-84D0-464C-B2CC-00DA58BAA827}.Debug|Any CPU.Build.0 = Debug|Any CPU
		{7164E032-84D0-464C-B2CC-00DA58BAA827}.Release|Any CPU.ActiveCfg = Release|Any CPU
		{7164E032-84D0-464C-B2CC-00DA58BAA827}.Release|Any CPU.Build.0 = Release|Any CPU
		{C47E1233-F823-4515-B01C-22D156BB36DB}.Debug|Any CPU.ActiveCfg = Debug|Any CPU
		{C47E1233-F823-4515-B01C-22D156BB36DB}.Debug|Any CPU.Build.0 = Debug|Any CPU
		{C47E1233-F823-4515-B01C-22D156BB36DB}.Release|Any CPU.ActiveCfg = Release|Any CPU
		{C47E1233-F823-4515-B01C-22D156BB36DB}.Release|Any CPU.Build.0 = Release|Any CPU
	EndGlobalSection
	GlobalSection(SolutionProperties) = preSolution
		HideSolutionNode = FALSE
	EndGlobalSection
EndGlobal
